
Microsoft Visual Studio Solution File, Format Version 12.00
# Visual Studio Version 16
VisualStudioVersion = 16.0.32802.440
MinimumVisualStudioVersion = 10.0.40219.1
Project("{FAE04EC0-301F-11D3-BF4B-00C04F79EFBC}") = "ExceptionHandling_In_Cs", "ExceptionHandling_In_Cs.csproj", "{E2ECEE20-CD1A-46BF-9B00-BE80B3BB345C}"
EndProject
Global
	GlobalSection(SolutionConfigurationPlatforms) = preSolution
		Debug|Any CPU = Debug|Any CPU
		Release|Any CPU = Release|Any CPU
	EndGlobalSection
	GlobalSection(ProjectConfigurationPlatforms) = postSolution
		{E2ECEE20-CD1A-46BF-9B00-BE80B3BB345C}.Debug|Any CPU.ActiveCfg = Debug|Any CPU
		{E2ECEE20-CD1A-46BF-9B00-BE80B3BB345C}.Debug|Any CPU.Build.0 = Debug|Any CPU
		{E2ECEE20-CD1A-46BF-9B00-BE80B3BB345C}.Release|Any CPU.ActiveCfg = Release|Any CPU
		{E2ECEE20-CD1A-46BF-9B00-BE80B3BB345C}.Release|Any CPU.Build.0 = Release|Any CPU
	EndGlobalSection
	GlobalSection(SolutionProperties) = preSolution
		HideSolutionNode = FALSE
	EndGlobalSection
	GlobalSection(ExtensibilityGlobals) = postSolution
		SolutionGuid = {A4D7B63E-D1D3-4B60-982F-7469A3C48524}
	EndGlobalSection
EndGlobal
