
Microsoft Visual Studio Solution File, Format Version 12.00
# Visual Studio Version 16
VisualStudioVersion = 16.0.32802.440
MinimumVisualStudioVersion = 10.0.40219.1
Project("{FAE04EC0-301F-11D3-BF4B-00C04F79EFBC}") = "FunctionOverloading_CompileTime_Polymorphism", "FunctionOverloading_CompileTime_Polymorphism.csproj", "{A177F391-3889-49E4-A6C7-6986EFB7E827}"
EndProject
Global
	GlobalSection(SolutionConfigurationPlatforms) = preSolution
		Debug|Any CPU = Debug|Any CPU
		Release|Any CPU = Release|Any CPU
	EndGlobalSection
	GlobalSection(ProjectConfigurationPlatforms) = postSolution
		{A177F391-3889-49E4-A6C7-6986EFB7E827}.Debug|Any CPU.ActiveCfg = Debug|Any CPU
		{A177F391-3889-49E4-A6C7-6986EFB7E827}.Debug|Any CPU.Build.0 = Debug|Any CPU
		{A177F391-3889-49E4-A6C7-6986EFB7E827}.Release|Any CPU.ActiveCfg = Release|Any CPU
		{A177F391-3889-49E4-A6C7-6986EFB7E827}.Release|Any CPU.Build.0 = Release|Any CPU
	EndGlobalSection
	GlobalSection(SolutionProperties) = preSolution
		HideSolutionNode = FALSE
	EndGlobalSection
	GlobalSection(ExtensibilityGlobals) = postSolution
		SolutionGuid = {F2FF39FE-ED78-45EA-AFDB-CB0CEFF0A616}
	EndGlobalSection
EndGlobal
