
Microsoft Visual Studio Solution File, Format Version 12.00
# Visual Studio Version 16
VisualStudioVersion = 16.0.32802.440
MinimumVisualStudioVersion = 10.0.40219.1
Project("{FAE04EC0-301F-11D3-BF4B-00C04F79EFBC}") = "Single_Level_Inheritance_In_Cs", "Single_Level_Inheritance_In_Cs.csproj", "{1B61D0D6-ED85-4533-AF37-65CA265D052C}"
EndProject
Global
	GlobalSection(SolutionConfigurationPlatforms) = preSolution
		Debug|Any CPU = Debug|Any CPU
		Release|Any CPU = Release|Any CPU
	EndGlobalSection
	GlobalSection(ProjectConfigurationPlatforms) = postSolution
		{1B61D0D6-ED85-4533-AF37-65CA265D052C}.Debug|Any CPU.ActiveCfg = Debug|Any CPU
		{1B61D0D6-ED85-4533-AF37-65CA265D052C}.Debug|Any CPU.Build.0 = Debug|Any CPU
		{1B61D0D6-ED85-4533-AF37-65CA265D052C}.Release|Any CPU.ActiveCfg = Release|Any CPU
		{1B61D0D6-ED85-4533-AF37-65CA265D052C}.Release|Any CPU.Build.0 = Release|Any CPU
	EndGlobalSection
	GlobalSection(SolutionProperties) = preSolution
		HideSolutionNode = FALSE
	EndGlobalSection
	GlobalSection(ExtensibilityGlobals) = postSolution
		SolutionGuid = {2C39A0B9-155C-4C23-B855-77BBB5F83234}
	EndGlobalSection
EndGlobal
