
Microsoft Visual Studio Solution File, Format Version 12.00
# Visual Studio Version 16
VisualStudioVersion = 16.0.32802.440
MinimumVisualStudioVersion = 10.0.40219.1
Project("{FAE04EC0-301F-11D3-BF4B-00C04F79EFBC}") = "ThisConcept", "ThisConcept.csproj", "{1697B45B-A97B-4752-A352-8867BEE91116}"
EndProject
Global
	GlobalSection(SolutionConfigurationPlatforms) = preSolution
		Debug|Any CPU = Debug|Any CPU
		Release|Any CPU = Release|Any CPU
	EndGlobalSection
	GlobalSection(ProjectConfigurationPlatforms) = postSolution
		{1697B45B-A97B-4752-A352-8867BEE91116}.Debug|Any CPU.ActiveCfg = Debug|Any CPU
		{1697B45B-A97B-4752-A352-8867BEE91116}.Debug|Any CPU.Build.0 = Debug|Any CPU
		{1697B45B-A97B-4752-A352-8867BEE91116}.Release|Any CPU.ActiveCfg = Release|Any CPU
		{1697B45B-A97B-4752-A352-8867BEE91116}.Release|Any CPU.Build.0 = Release|Any CPU
	EndGlobalSection
	GlobalSection(SolutionProperties) = preSolution
		HideSolutionNode = FALSE
	EndGlobalSection
	GlobalSection(ExtensibilityGlobals) = postSolution
		SolutionGuid = {0C039243-BF30-40A2-84CF-4A1A2FF6EFB9}
	EndGlobalSection
EndGlobal
