
Microsoft Visual Studio Solution File, Format Version 12.00
# Visual Studio Version 16
VisualStudioVersion = 16.0.32802.440
MinimumVisualStudioVersion = 10.0.40219.1
Project("{FAE04EC0-301F-11D3-BF4B-00C04F79EFBC}") = "Interface_1Interface_extends_anotherInerface", "Interface_1Interface_extends_anotherInerface.csproj", "{2FEA9EE3-5EB0-4992-B408-C3F5798728A8}"
EndProject
Global
	GlobalSection(SolutionConfigurationPlatforms) = preSolution
		Debug|Any CPU = Debug|Any CPU
		Release|Any CPU = Release|Any CPU
	EndGlobalSection
	GlobalSection(ProjectConfigurationPlatforms) = postSolution
		{2FEA9EE3-5EB0-4992-B408-C3F5798728A8}.Debug|Any CPU.ActiveCfg = Debug|Any CPU
		{2FEA9EE3-5EB0-4992-B408-C3F5798728A8}.Debug|Any CPU.Build.0 = Debug|Any CPU
		{2FEA9EE3-5EB0-4992-B408-C3F5798728A8}.Release|Any CPU.ActiveCfg = Release|Any CPU
		{2FEA9EE3-5EB0-4992-B408-C3F5798728A8}.Release|Any CPU.Build.0 = Release|Any CPU
	EndGlobalSection
	GlobalSection(SolutionProperties) = preSolution
		HideSolutionNode = FALSE
	EndGlobalSection
	GlobalSection(ExtensibilityGlobals) = postSolution
		SolutionGuid = {1E5E4FA5-753C-4863-8B8B-45D11FD6F0DE}
	EndGlobalSection
EndGlobal
