
Microsoft Visual Studio Solution File, Format Version 12.00
# Visual Studio Version 16
VisualStudioVersion = 16.0.32802.440
MinimumVisualStudioVersion = 10.0.40219.1
Project("{FAE04EC0-301F-11D3-BF4B-00C04F79EFBC}") = "Super_Like_Base_Concept_In_Cs", "Super_Like_Base_Concept_In_Cs.csproj", "{B84A21EE-DC77-4C45-ADAD-9BAC64867153}"
EndProject
Global
	GlobalSection(SolutionConfigurationPlatforms) = preSolution
		Debug|Any CPU = Debug|Any CPU
		Release|Any CPU = Release|Any CPU
	EndGlobalSection
	GlobalSection(ProjectConfigurationPlatforms) = postSolution
		{B84A21EE-DC77-4C45-ADAD-9BAC64867153}.Debug|Any CPU.ActiveCfg = Debug|Any CPU
		{B84A21EE-DC77-4C45-ADAD-9BAC64867153}.Debug|Any CPU.Build.0 = Debug|Any CPU
		{B84A21EE-DC77-4C45-ADAD-9BAC64867153}.Release|Any CPU.ActiveCfg = Release|Any CPU
		{B84A21EE-DC77-4C45-ADAD-9BAC64867153}.Release|Any CPU.Build.0 = Release|Any CPU
	EndGlobalSection
	GlobalSection(SolutionProperties) = preSolution
		HideSolutionNode = FALSE
	EndGlobalSection
	GlobalSection(ExtensibilityGlobals) = postSolution
		SolutionGuid = {61FB1103-9564-40E1-BB4F-4DA4579B10BE}
	EndGlobalSection
EndGlobal
