
Microsoft Visual Studio Solution File, Format Version 12.00
# Visual Studio Version 16
VisualStudioVersion = 16.0.32802.440
MinimumVisualStudioVersion = 10.0.40219.1
Project("{FAE04EC0-301F-11D3-BF4B-00C04F79EFBC}") = "JayGanesh", "JayGanesh.csproj", "{841C1C98-2F4E-4CF2-8194-24E41DF3EADA}"
EndProject
Global
	GlobalSection(SolutionConfigurationPlatforms) = preSolution
		Debug|Any CPU = Debug|Any CPU
		Release|Any CPU = Release|Any CPU
	EndGlobalSection
	GlobalSection(ProjectConfigurationPlatforms) = postSolution
		{841C1C98-2F4E-4CF2-8194-24E41DF3EADA}.Debug|Any CPU.ActiveCfg = Debug|Any CPU
		{841C1C98-2F4E-4CF2-8194-24E41DF3EADA}.Debug|Any CPU.Build.0 = Debug|Any CPU
		{841C1C98-2F4E-4CF2-8194-24E41DF3EADA}.Release|Any CPU.ActiveCfg = Release|Any CPU
		{841C1C98-2F4E-4CF2-8194-24E41DF3EADA}.Release|Any CPU.Build.0 = Release|Any CPU
	EndGlobalSection
	GlobalSection(SolutionProperties) = preSolution
		HideSolutionNode = FALSE
	EndGlobalSection
	GlobalSection(ExtensibilityGlobals) = postSolution
		SolutionGuid = {C0DA22D2-4DE5-419E-AAA7-CDFE66C5C33E}
	EndGlobalSection
EndGlobal
